
Microsoft Visual Studio Solution File, Format Version 12.00
# Visual Studio Version 17
VisualStudioVersion = 17.1.32210.238
MinimumVisualStudioVersion = 10.0.40219.1
Project("{FAE04EC0-301F-11D3-BF4B-00C04F79EFBC}") = "001_bmi", "001_bmi\001_bmi.csproj", "{2D48BC1F-5EC0-4316-81AC-F07853BBB291}"
EndProject
Project("{FAE04EC0-301F-11D3-BF4B-00C04F79EFBC}") = "002_bmi", "002_bmi\002_bmi.csproj", "{ECD7CCDD-F3DB-4C89-91BB-87EADC169992}"
EndProject
Project("{FAE04EC0-301F-11D3-BF4B-00C04F79EFBC}") = "003_format", "003_format\003_format.csproj", "{3311813E-2A65-4343-BA4F-C21E4F102E30}"
EndProject
Project("{FAE04EC0-301F-11D3-BF4B-00C04F79EFBC}") = "004_login", "004_login\004_login.csproj", "{13F0ECB5-E7A2-466C-874E-BA76B34EAEF6}"
EndProject
Project("{FAE04EC0-301F-11D3-BF4B-00C04F79EFBC}") = "005_Hello", "005_Hello\005_Hello.csproj", "{76E2D475-BECC-4554-A04D-466A5FCB88BB}"
EndProject
Project("{FAE04EC0-301F-11D3-BF4B-00C04F79EFBC}") = "006_basicControls", "006_basicControls\006_basicControls.csproj", "{F95BDA4A-0BA2-4360-BB0D-3CA6AEA2264C}"
EndProject
Project("{FAE04EC0-301F-11D3-BF4B-00C04F79EFBC}") = "007_MessageBox", "007_MessageBox\007_MessageBox.csproj", "{55D682E8-D258-4C4A-BA7B-4DBE2ED8120F}"
EndProject
Project("{FAE04EC0-301F-11D3-BF4B-00C04F79EFBC}") = "008_Labels", "008_Labels\008_Labels.csproj", "{B27FDBE8-A7DE-4989-B1F4-EFB71F47A6BC}"
EndProject
Project("{FAE04EC0-301F-11D3-BF4B-00C04F79EFBC}") = "009_checkbox", "009_checkbox\009_checkbox.csproj", "{E3369BA8-5E6E-49C8-824D-E9D0F369D75A}"
EndProject
Project("{FAE04EC0-301F-11D3-BF4B-00C04F79EFBC}") = "010_radioButton", "010_radioButton\010_radioButton.csproj", "{7514A6E3-F5E9-4641-B50E-7E3CB8377E2B}"
EndProject
Project("{FAE04EC0-301F-11D3-BF4B-00C04F79EFBC}") = "011_scoreCalc", "011_scoreCalc\011_scoreCalc.csproj", "{B95B59A2-E3E9-422D-945A-4D87CAF82A71}"
EndProject
Project("{FAE04EC0-301F-11D3-BF4B-00C04F79EFBC}") = "012_for", "012_for\012_for.csproj", "{590AB73A-96D3-4D27-A693-F7E3C4BA87AC}"
EndProject
Project("{FAE04EC0-301F-11D3-BF4B-00C04F79EFBC}") = "013_array", "013_array\013_array.csproj", "{3065BB1F-3ECB-4E18-A9D2-5AC3EF043781}"
EndProject
Project("{FAE04EC0-301F-11D3-BF4B-00C04F79EFBC}") = "014_class", "014_class\014_class.csproj", "{61B1714F-2647-48F9-9E7B-039D047E4E53}"
EndProject
Project("{FAE04EC0-301F-11D3-BF4B-00C04F79EFBC}") = "015_chart", "015_chart\015_chart.csproj", "{6F37CDF9-F335-4794-97FF-2D9C125A87B1}"
EndProject
Project("{FAE04EC0-301F-11D3-BF4B-00C04F79EFBC}") = "016_TwoCharts", "016_TwoCharts\016_TwoCharts.csproj", "{346FB004-D573-4D69-85C9-AD9587E7AE12}"
EndProject
Project("{FAE04EC0-301F-11D3-BF4B-00C04F79EFBC}") = "017_graph", "017_graph\017_graph.csproj", "{DDADF29A-851C-4897-99F9-2C8FF95D6EF1}"
EndProject
Project("{FAE04EC0-301F-11D3-BF4B-00C04F79EFBC}") = "018_chart2", "018_chart2\018_chart2.csproj", "{5EF9DC19-38DA-482A-B32F-E343097D45BB}"
EndProject
Project("{FAE04EC0-301F-11D3-BF4B-00C04F79EFBC}") = "019_clock", "019_clock\019_clock.csproj", "{77294B97-3E7E-44E6-8BD6-CFE4915B18BD}"
EndProject
Project("{FAE04EC0-301F-11D3-BF4B-00C04F79EFBC}") = "020_FormClock", "020_FormClock\020_FormClock.csproj", "{F03B5657-B022-47BB-A5F7-3DA5B2D06431}"
EndProject
Global
	GlobalSection(SolutionConfigurationPlatforms) = preSolution
		Debug|Any CPU = Debug|Any CPU
		Release|Any CPU = Release|Any CPU
	EndGlobalSection
	GlobalSection(ProjectConfigurationPlatforms) = postSolution
		{2D48BC1F-5EC0-4316-81AC-F07853BBB291}.Debug|Any CPU.ActiveCfg = Debug|Any CPU
		{2D48BC1F-5EC0-4316-81AC-F07853BBB291}.Debug|Any CPU.Build.0 = Debug|Any CPU
		{2D48BC1F-5EC0-4316-81AC-F07853BBB291}.Release|Any CPU.ActiveCfg = Release|Any CPU
		{2D48BC1F-5EC0-4316-81AC-F07853BBB291}.Release|Any CPU.Build.0 = Release|Any CPU
		{ECD7CCDD-F3DB-4C89-91BB-87EADC169992}.Debug|Any CPU.ActiveCfg = Debug|Any CPU
		{ECD7CCDD-F3DB-4C89-91BB-87EADC169992}.Debug|Any CPU.Build.0 = Debug|Any CPU
		{ECD7CCDD-F3DB-4C89-91BB-87EADC169992}.Release|Any CPU.ActiveCfg = Release|Any CPU
		{ECD7CCDD-F3DB-4C89-91BB-87EADC169992}.Release|Any CPU.Build.0 = Release|Any CPU
		{3311813E-2A65-4343-BA4F-C21E4F102E30}.Debug|Any CPU.ActiveCfg = Debug|Any CPU
		{3311813E-2A65-4343-BA4F-C21E4F102E30}.Debug|Any CPU.Build.0 = Debug|Any CPU
		{3311813E-2A65-4343-BA4F-C21E4F102E30}.Release|Any CPU.ActiveCfg = Release|Any CPU
		{3311813E-2A65-4343-BA4F-C21E4F102E30}.Release|Any CPU.Build.0 = Release|Any CPU
		{13F0ECB5-E7A2-466C-874E-BA76B34EAEF6}.Debug|Any CPU.ActiveCfg = Debug|Any CPU
		{13F0ECB5-E7A2-466C-874E-BA76B34EAEF6}.Debug|Any CPU.Build.0 = Debug|Any CPU
		{13F0ECB5-E7A2-466C-874E-BA76B34EAEF6}.Release|Any CPU.ActiveCfg = Release|Any CPU
		{13F0ECB5-E7A2-466C-874E-BA76B34EAEF6}.Release|Any CPU.Build.0 = Release|Any CPU
		{76E2D475-BECC-4554-A04D-466A5FCB88BB}.Debug|Any CPU.ActiveCfg = Debug|Any CPU
		{76E2D475-BECC-4554-A04D-466A5FCB88BB}.Debug|Any CPU.Build.0 = Debug|Any CPU
		{76E2D475-BECC-4554-A04D-466A5FCB88BB}.Release|Any CPU.ActiveCfg = Release|Any CPU
		{76E2D475-BECC-4554-A04D-466A5FCB88BB}.Release|Any CPU.Build.0 = Release|Any CPU
		{F95BDA4A-0BA2-4360-BB0D-3CA6AEA2264C}.Debug|Any CPU.ActiveCfg = Debug|Any CPU
		{F95BDA4A-0BA2-4360-BB0D-3CA6AEA2264C}.Debug|Any CPU.Build.0 = Debug|Any CPU
		{F95BDA4A-0BA2-4360-BB0D-3CA6AEA2264C}.Release|Any CPU.ActiveCfg = Release|Any CPU
		{F95BDA4A-0BA2-4360-BB0D-3CA6AEA2264C}.Release|Any CPU.Build.0 = Release|Any CPU
		{55D682E8-D258-4C4A-BA7B-4DBE2ED8120F}.Debug|Any CPU.ActiveCfg = Debug|Any CPU
		{55D682E8-D258-4C4A-BA7B-4DBE2ED8120F}.Debug|Any CPU.Build.0 = Debug|Any CPU
		{55D682E8-D258-4C4A-BA7B-4DBE2ED8120F}.Release|Any CPU.ActiveCfg = Release|Any CPU
		{55D682E8-D258-4C4A-BA7B-4DBE2ED8120F}.Release|Any CPU.Build.0 = Release|Any CPU
		{B27FDBE8-A7DE-4989-B1F4-EFB71F47A6BC}.Debug|Any CPU.ActiveCfg = Debug|Any CPU
		{B27FDBE8-A7DE-4989-B1F4-EFB71F47A6BC}.Debug|Any CPU.Build.0 = Debug|Any CPU
		{B27FDBE8-A7DE-4989-B1F4-EFB71F47A6BC}.Release|Any CPU.ActiveCfg = Release|Any CPU
		{B27FDBE8-A7DE-4989-B1F4-EFB71F47A6BC}.Release|Any CPU.Build.0 = Release|Any CPU
		{E3369BA8-5E6E-49C8-824D-E9D0F369D75A}.Debug|Any CPU.ActiveCfg = Debug|Any CPU
		{E3369BA8-5E6E-49C8-824D-E9D0F369D75A}.Debug|Any CPU.Build.0 = Debug|Any CPU
		{E3369BA8-5E6E-49C8-824D-E9D0F369D75A}.Release|Any CPU.ActiveCfg = Release|Any CPU
		{E3369BA8-5E6E-49C8-824D-E9D0F369D75A}.Release|Any CPU.Build.0 = Release|Any CPU
		{7514A6E3-F5E9-4641-B50E-7E3CB8377E2B}.Debug|Any CPU.ActiveCfg = Debug|Any CPU
		{7514A6E3-F5E9-4641-B50E-7E3CB8377E2B}.Debug|Any CPU.Build.0 = Debug|Any CPU
		{7514A6E3-F5E9-4641-B50E-7E3CB8377E2B}.Release|Any CPU.ActiveCfg = Release|Any CPU
		{7514A6E3-F5E9-4641-B50E-7E3CB8377E2B}.Release|Any CPU.Build.0 = Release|Any CPU
		{B95B59A2-E3E9-422D-945A-4D87CAF82A71}.Debug|Any CPU.ActiveCfg = Debug|Any CPU
		{B95B59A2-E3E9-422D-945A-4D87CAF82A71}.Debug|Any CPU.Build.0 = Debug|Any CPU
		{B95B59A2-E3E9-422D-945A-4D87CAF82A71}.Release|Any CPU.ActiveCfg = Release|Any CPU
		{B95B59A2-E3E9-422D-945A-4D87CAF82A71}.Release|Any CPU.Build.0 = Release|Any CPU
		{590AB73A-96D3-4D27-A693-F7E3C4BA87AC}.Debug|Any CPU.ActiveCfg = Debug|Any CPU
		{590AB73A-96D3-4D27-A693-F7E3C4BA87AC}.Debug|Any CPU.Build.0 = Debug|Any CPU
		{590AB73A-96D3-4D27-A693-F7E3C4BA87AC}.Release|Any CPU.ActiveCfg = Release|Any CPU
		{590AB73A-96D3-4D27-A693-F7E3C4BA87AC}.Release|Any CPU.Build.0 = Release|Any CPU
		{3065BB1F-3ECB-4E18-A9D2-5AC3EF043781}.Debug|Any CPU.ActiveCfg = Debug|Any CPU
		{3065BB1F-3ECB-4E18-A9D2-5AC3EF043781}.Debug|Any CPU.Build.0 = Debug|Any CPU
		{3065BB1F-3ECB-4E18-A9D2-5AC3EF043781}.Release|Any CPU.ActiveCfg = Release|Any CPU
		{3065BB1F-3ECB-4E18-A9D2-5AC3EF043781}.Release|Any CPU.Build.0 = Release|Any CPU
		{61B1714F-2647-48F9-9E7B-039D047E4E53}.Debug|Any CPU.ActiveCfg = Debug|Any CPU
		{61B1714F-2647-48F9-9E7B-039D047E4E53}.Debug|Any CPU.Build.0 = Debug|Any CPU
		{61B1714F-2647-48F9-9E7B-039D047E4E53}.Release|Any CPU.ActiveCfg = Release|Any CPU
		{61B1714F-2647-48F9-9E7B-039D047E4E53}.Release|Any CPU.Build.0 = Release|Any CPU
		{6F37CDF9-F335-4794-97FF-2D9C125A87B1}.Debug|Any CPU.ActiveCfg = Debug|Any CPU
		{6F37CDF9-F335-4794-97FF-2D9C125A87B1}.Debug|Any CPU.Build.0 = Debug|Any CPU
		{6F37CDF9-F335-4794-97FF-2D9C125A87B1}.Release|Any CPU.ActiveCfg = Release|Any CPU
		{6F37CDF9-F335-4794-97FF-2D9C125A87B1}.Release|Any CPU.Build.0 = Release|Any CPU
		{346FB004-D573-4D69-85C9-AD9587E7AE12}.Debug|Any CPU.ActiveCfg = Debug|Any CPU
		{346FB004-D573-4D69-85C9-AD9587E7AE12}.Debug|Any CPU.Build.0 = Debug|Any CPU
		{346FB004-D573-4D69-85C9-AD9587E7AE12}.Release|Any CPU.ActiveCfg = Release|Any CPU
		{346FB004-D573-4D69-85C9-AD9587E7AE12}.Release|Any CPU.Build.0 = Release|Any CPU
		{DDADF29A-851C-4897-99F9-2C8FF95D6EF1}.Debug|Any CPU.ActiveCfg = Debug|Any CPU
		{DDADF29A-851C-4897-99F9-2C8FF95D6EF1}.Debug|Any CPU.Build.0 = Debug|Any CPU
		{DDADF29A-851C-4897-99F9-2C8FF95D6EF1}.Release|Any CPU.ActiveCfg = Release|Any CPU
		{DDADF29A-851C-4897-99F9-2C8FF95D6EF1}.Release|Any CPU.Build.0 = Release|Any CPU
		{5EF9DC19-38DA-482A-B32F-E343097D45BB}.Debug|Any CPU.ActiveCfg = Debug|Any CPU
		{5EF9DC19-38DA-482A-B32F-E343097D45BB}.Debug|Any CPU.Build.0 = Debug|Any CPU
		{5EF9DC19-38DA-482A-B32F-E343097D45BB}.Release|Any CPU.ActiveCfg = Release|Any CPU
		{5EF9DC19-38DA-482A-B32F-E343097D45BB}.Release|Any CPU.Build.0 = Release|Any CPU
		{77294B97-3E7E-44E6-8BD6-CFE4915B18BD}.Debug|Any CPU.ActiveCfg = Debug|Any CPU
		{77294B97-3E7E-44E6-8BD6-CFE4915B18BD}.Debug|Any CPU.Build.0 = Debug|Any CPU
		{77294B97-3E7E-44E6-8BD6-CFE4915B18BD}.Release|Any CPU.ActiveCfg = Release|Any CPU
		{77294B97-3E7E-44E6-8BD6-CFE4915B18BD}.Release|Any CPU.Build.0 = Release|Any CPU
		{F03B5657-B022-47BB-A5F7-3DA5B2D06431}.Debug|Any CPU.ActiveCfg = Debug|Any CPU
		{F03B5657-B022-47BB-A5F7-3DA5B2D06431}.Debug|Any CPU.Build.0 = Debug|Any CPU
		{F03B5657-B022-47BB-A5F7-3DA5B2D06431}.Release|Any CPU.ActiveCfg = Release|Any CPU
		{F03B5657-B022-47BB-A5F7-3DA5B2D06431}.Release|Any CPU.Build.0 = Release|Any CPU
	EndGlobalSection
	GlobalSection(SolutionProperties) = preSolution
		HideSolutionNode = FALSE
	EndGlobalSection
	GlobalSection(ExtensibilityGlobals) = postSolution
		SolutionGuid = {5E369267-4A35-41DD-AD37-BB71BFD4DD0A}
	EndGlobalSection
EndGlobal
